
Microsoft Visual Studio Solution File, Format Version 11.00
# Visual Studio 2010
Project("{FAE04EC0-301F-11D3-BF4B-00C04F79EFBC}") = "Unity.RenderPipelines.Core.Runtime", "Unity.RenderPipelines.Core.Runtime.csproj", "{f42c88a8-6c8d-c403-6d1e-b50b4ae36d80}"
EndProject
Project("{FAE04EC0-301F-11D3-BF4B-00C04F79EFBC}") = "UnityEngine.TestRunner", "UnityEngine.TestRunner.csproj", "{ff81ff64-ddb1-622f-cf71-b10631b584ac}"
EndProject
Project("{FAE04EC0-301F-11D3-BF4B-00C04F79EFBC}") = "Unity.Mathematics", "Unity.Mathematics.csproj", "{a066d959-a945-da0e-f326-a115a44fc317}"
EndProject
Project("{FAE04EC0-301F-11D3-BF4B-00C04F79EFBC}") = "Unity.Timeline", "Unity.Timeline.csproj", "{2add1e18-a9b2-740a-f7a7-056d18bc6b11}"
EndProject
Project("{FAE04EC0-301F-11D3-BF4B-00C04F79EFBC}") = "UnityEngine.UI", "UnityEngine.UI.csproj", "{f459f280-4754-fb84-40fc-f860550ec33f}"
EndProject
Project("{FAE04EC0-301F-11D3-BF4B-00C04F79EFBC}") = "Unity.RenderPipelines.Universal.Runtime", "Unity.RenderPipelines.Universal.Runtime.csproj", "{042facb0-35ae-0e57-24fa-ba18fa253def}"
EndProject
Project("{FAE04EC0-301F-11D3-BF4B-00C04F79EFBC}") = "Unity.TextMeshPro", "Unity.TextMeshPro.csproj", "{93acda42-85ae-e76b-05af-e01a02e3edff}"
EndProject
Project("{FAE04EC0-301F-11D3-BF4B-00C04F79EFBC}") = "Assembly-CSharp", "Assembly-CSharp.csproj", "{d018cc3b-7829-201a-9286-718c4c69680c}"
EndProject
Project("{FAE04EC0-301F-11D3-BF4B-00C04F79EFBC}") = "Unity.RenderPipelines.Core.ShaderLibrary", "Unity.RenderPipelines.Core.ShaderLibrary.csproj", "{de52309e-1bfe-3adb-e78b-68e93b5a09ab}"
EndProject
Project("{FAE04EC0-301F-11D3-BF4B-00C04F79EFBC}") = "Unity.RenderPipelines.Universal.Shaders", "Unity.RenderPipelines.Universal.Shaders.csproj", "{aa10b4d3-26cc-d60b-180d-87a769f01c2c}"
EndProject
Project("{FAE04EC0-301F-11D3-BF4B-00C04F79EFBC}") = "Unity.RenderPipelines.ShaderGraph.ShaderGraphLibrary", "Unity.RenderPipelines.ShaderGraph.ShaderGraphLibrary.csproj", "{a5c6b9ca-f012-502d-69f4-55324c912619}"
EndProject
Project("{FAE04EC0-301F-11D3-BF4B-00C04F79EFBC}") = "Unity.RenderPipeline.Universal.ShaderLibrary", "Unity.RenderPipeline.Universal.ShaderLibrary.csproj", "{3ce898bd-4b4e-b16e-8cce-ecaa34dd0263}"
EndProject
Project("{FAE04EC0-301F-11D3-BF4B-00C04F79EFBC}") = "UnityEditor.TestRunner", "UnityEditor.TestRunner.csproj", "{987c30de-b65c-b796-9b38-aed2aafa2b1d}"
EndProject
Project("{FAE04EC0-301F-11D3-BF4B-00C04F79EFBC}") = "Unity.PlasticSCM.Editor", "Unity.PlasticSCM.Editor.csproj", "{1629094f-7cbd-e42d-56d2-28b12879cb47}"
EndProject
Project("{FAE04EC0-301F-11D3-BF4B-00C04F79EFBC}") = "Unity.ShaderGraph.Editor", "Unity.ShaderGraph.Editor.csproj", "{b6f24100-b1ff-4c0a-7130-340e8df7a3bf}"
EndProject
Project("{FAE04EC0-301F-11D3-BF4B-00C04F79EFBC}") = "UnityEditor.UI", "UnityEditor.UI.csproj", "{eb894df1-4b25-5cd1-df84-5b3c414970c9}"
EndProject
Project("{FAE04EC0-301F-11D3-BF4B-00C04F79EFBC}") = "Unity.VisualStudio.Editor", "Unity.VisualStudio.Editor.csproj", "{8564129e-84f1-8516-2388-678bb65cb8db}"
EndProject
Project("{FAE04EC0-301F-11D3-BF4B-00C04F79EFBC}") = "Unity.Timeline.Editor", "Unity.Timeline.Editor.csproj", "{24567fa2-f722-aff5-91c3-0e5e92d49a62}"
EndProject
Project("{FAE04EC0-301F-11D3-BF4B-00C04F79EFBC}") = "Unity.TextMeshPro.Editor", "Unity.TextMeshPro.Editor.csproj", "{d05fed5a-362d-aa38-ece0-4e571833eb99}"
EndProject
Project("{FAE04EC0-301F-11D3-BF4B-00C04F79EFBC}") = "Unity.RenderPipelines.Core.Editor", "Unity.RenderPipelines.Core.Editor.csproj", "{895486d1-1862-5f79-6766-22c44a0af6d8}"
EndProject
Project("{FAE04EC0-301F-11D3-BF4B-00C04F79EFBC}") = "Unity.CollabProxy.Editor", "Unity.CollabProxy.Editor.csproj", "{2e1cae25-858d-be0f-f532-4a5e243c1899}"
EndProject
Project("{FAE04EC0-301F-11D3-BF4B-00C04F79EFBC}") = "Unity.ShaderGraph.Utilities", "Unity.ShaderGraph.Utilities.csproj", "{86b90e20-1e84-27a5-18e0-3f50cd393ed7}"
EndProject
Project("{FAE04EC0-301F-11D3-BF4B-00C04F79EFBC}") = "Unity.RenderPipelines.Universal.Editor", "Unity.RenderPipelines.Universal.Editor.csproj", "{3cfa4471-90e8-2bb9-fd2f-a947509c5a38}"
EndProject
Project("{FAE04EC0-301F-11D3-BF4B-00C04F79EFBC}") = "Unity.Rider.Editor", "Unity.Rider.Editor.csproj", "{525e7035-c58e-c7a6-56d2-263a35496cf5}"
EndProject
Project("{FAE04EC0-301F-11D3-BF4B-00C04F79EFBC}") = "Unity.Searcher.Editor", "Unity.Searcher.Editor.csproj", "{9b6b2e44-651f-925d-ae80-34ad9ef375a1}"
EndProject
Project("{FAE04EC0-301F-11D3-BF4B-00C04F79EFBC}") = "Unity.VSCode.Editor", "Unity.VSCode.Editor.csproj", "{f3038b10-561a-f2b4-cb3b-21e7e363373a}"
EndProject
Project("{FAE04EC0-301F-11D3-BF4B-00C04F79EFBC}") = "Unity.Mathematics.Editor", "Unity.Mathematics.Editor.csproj", "{8b31f846-6bda-7be4-2c0c-f507b1d8b846}"
EndProject
Project("{FAE04EC0-301F-11D3-BF4B-00C04F79EFBC}") = "Assembly-CSharp-Editor", "Assembly-CSharp-Editor.csproj", "{ffa56756-52cc-a44d-9fc0-d2384c783061}"
EndProject
Project("{FAE04EC0-301F-11D3-BF4B-00C04F79EFBC}") = "Unity.RenderPipelines.Core.Runtime", "Unity.RenderPipelines.Core.Runtime.Player.csproj", "{aed1b9a5-74d8-4133-eecd-103078228167}"
EndProject
Project("{FAE04EC0-301F-11D3-BF4B-00C04F79EFBC}") = "UnityEngine.TestRunner", "UnityEngine.TestRunner.Player.csproj", "{1f3db9c6-fd43-f075-0bd3-08b45d774f3d}"
EndProject
Project("{FAE04EC0-301F-11D3-BF4B-00C04F79EFBC}") = "Unity.Mathematics", "Unity.Mathematics.Player.csproj", "{f221cbfc-f4a4-5eda-233f-4697a9124cf1}"
EndProject
Project("{FAE04EC0-301F-11D3-BF4B-00C04F79EFBC}") = "Unity.Timeline", "Unity.Timeline.Player.csproj", "{b636d49d-0838-b818-84cf-755d14931338}"
EndProject
Project("{FAE04EC0-301F-11D3-BF4B-00C04F79EFBC}") = "UnityEngine.UI", "UnityEngine.UI.Player.csproj", "{bf5eb2f6-e5f9-91b1-6460-9bfcb263ffc5}"
EndProject
Project("{FAE04EC0-301F-11D3-BF4B-00C04F79EFBC}") = "Unity.RenderPipelines.Universal.Runtime", "Unity.RenderPipelines.Universal.Runtime.Player.csproj", "{f18d2470-528b-d37e-ad90-801905ef0d8e}"
EndProject
Project("{FAE04EC0-301F-11D3-BF4B-00C04F79EFBC}") = "Unity.TextMeshPro", "Unity.TextMeshPro.Player.csproj", "{408a82ae-68c5-ee0b-2d24-0f296f2da200}"
EndProject
Project("{FAE04EC0-301F-11D3-BF4B-00C04F79EFBC}") = "Assembly-CSharp", "Assembly-CSharp.Player.csproj", "{3c16267b-2d61-b3eb-8c12-b80dfbf04a6d}"
EndProject
Project("{FAE04EC0-301F-11D3-BF4B-00C04F79EFBC}") = "Unity.RenderPipelines.Core.ShaderLibrary", "Unity.RenderPipelines.Core.ShaderLibrary.Player.csproj", "{63ebb708-04d8-4b33-0fcd-c5422a77a379}"
EndProject
Project("{FAE04EC0-301F-11D3-BF4B-00C04F79EFBC}") = "Unity.RenderPipelines.Universal.Shaders", "Unity.RenderPipelines.Universal.Shaders.Player.csproj", "{e625238e-b866-3bb6-6d25-b0ca70ee71f4}"
EndProject
Project("{FAE04EC0-301F-11D3-BF4B-00C04F79EFBC}") = "Unity.RenderPipelines.ShaderGraph.ShaderGraphLibrary", "Unity.RenderPipelines.ShaderGraph.ShaderGraphLibrary.Player.csproj", "{14f20292-96d2-bfd7-b9a4-2150b870e9f5}"
EndProject
Project("{FAE04EC0-301F-11D3-BF4B-00C04F79EFBC}") = "Unity.RenderPipeline.Universal.ShaderLibrary", "Unity.RenderPipeline.Universal.ShaderLibrary.Player.csproj", "{2cf7d041-5cf4-3589-88a4-96bc6c690f38}"
EndProject
Global
	GlobalSection(SolutionConfigurationPlatforms) = preSolution
		Debug|Any CPU = Debug|Any CPU
		Release|Any CPU = Release|Any CPU
	EndGlobalSection
	GlobalSection(ProjectConfigurationPlatforms) = postSolution
		{f42c88a8-6c8d-c403-6d1e-b50b4ae36d80}.Debug|Any CPU.ActiveCfg = Debug|Any CPU
		{f42c88a8-6c8d-c403-6d1e-b50b4ae36d80}.Debug|Any CPU.Build.0 = Debug|Any CPU
		{f42c88a8-6c8d-c403-6d1e-b50b4ae36d80}.Release|Any CPU.ActiveCfg = Release|Any CPU
		{f42c88a8-6c8d-c403-6d1e-b50b4ae36d80}.Release|Any CPU.Build.0 = Release|Any CPU
		{ff81ff64-ddb1-622f-cf71-b10631b584ac}.Debug|Any CPU.ActiveCfg = Debug|Any CPU
		{ff81ff64-ddb1-622f-cf71-b10631b584ac}.Debug|Any CPU.Build.0 = Debug|Any CPU
		{ff81ff64-ddb1-622f-cf71-b10631b584ac}.Release|Any CPU.ActiveCfg = Release|Any CPU
		{ff81ff64-ddb1-622f-cf71-b10631b584ac}.Release|Any CPU.Build.0 = Release|Any CPU
		{a066d959-a945-da0e-f326-a115a44fc317}.Debug|Any CPU.ActiveCfg = Debug|Any CPU
		{a066d959-a945-da0e-f326-a115a44fc317}.Debug|Any CPU.Build.0 = Debug|Any CPU
		{a066d959-a945-da0e-f326-a115a44fc317}.Release|Any CPU.ActiveCfg = Release|Any CPU
		{a066d959-a945-da0e-f326-a115a44fc317}.Release|Any CPU.Build.0 = Release|Any CPU
		{2add1e18-a9b2-740a-f7a7-056d18bc6b11}.Debug|Any CPU.ActiveCfg = Debug|Any CPU
		{2add1e18-a9b2-740a-f7a7-056d18bc6b11}.Debug|Any CPU.Build.0 = Debug|Any CPU
		{2add1e18-a9b2-740a-f7a7-056d18bc6b11}.Release|Any CPU.ActiveCfg = Release|Any CPU
		{2add1e18-a9b2-740a-f7a7-056d18bc6b11}.Release|Any CPU.Build.0 = Release|Any CPU
		{f459f280-4754-fb84-40fc-f860550ec33f}.Debug|Any CPU.ActiveCfg = Debug|Any CPU
		{f459f280-4754-fb84-40fc-f860550ec33f}.Debug|Any CPU.Build.0 = Debug|Any CPU
		{f459f280-4754-fb84-40fc-f860550ec33f}.Release|Any CPU.ActiveCfg = Release|Any CPU
		{f459f280-4754-fb84-40fc-f860550ec33f}.Release|Any CPU.Build.0 = Release|Any CPU
		{042facb0-35ae-0e57-24fa-ba18fa253def}.Debug|Any CPU.ActiveCfg = Debug|Any CPU
		{042facb0-35ae-0e57-24fa-ba18fa253def}.Debug|Any CPU.Build.0 = Debug|Any CPU
		{042facb0-35ae-0e57-24fa-ba18fa253def}.Release|Any CPU.ActiveCfg = Release|Any CPU
		{042facb0-35ae-0e57-24fa-ba18fa253def}.Release|Any CPU.Build.0 = Release|Any CPU
		{93acda42-85ae-e76b-05af-e01a02e3edff}.Debug|Any CPU.ActiveCfg = Debug|Any CPU
		{93acda42-85ae-e76b-05af-e01a02e3edff}.Debug|Any CPU.Build.0 = Debug|Any CPU
		{93acda42-85ae-e76b-05af-e01a02e3edff}.Release|Any CPU.ActiveCfg = Release|Any CPU
		{93acda42-85ae-e76b-05af-e01a02e3edff}.Release|Any CPU.Build.0 = Release|Any CPU
		{d018cc3b-7829-201a-9286-718c4c69680c}.Debug|Any CPU.ActiveCfg = Debug|Any CPU
		{d018cc3b-7829-201a-9286-718c4c69680c}.Debug|Any CPU.Build.0 = Debug|Any CPU
		{d018cc3b-7829-201a-9286-718c4c69680c}.Release|Any CPU.ActiveCfg = Release|Any CPU
		{d018cc3b-7829-201a-9286-718c4c69680c}.Release|Any CPU.Build.0 = Release|Any CPU
		{de52309e-1bfe-3adb-e78b-68e93b5a09ab}.Debug|Any CPU.ActiveCfg = Debug|Any CPU
		{de52309e-1bfe-3adb-e78b-68e93b5a09ab}.Debug|Any CPU.Build.0 = Debug|Any CPU
		{de52309e-1bfe-3adb-e78b-68e93b5a09ab}.Release|Any CPU.ActiveCfg = Release|Any CPU
		{de52309e-1bfe-3adb-e78b-68e93b5a09ab}.Release|Any CPU.Build.0 = Release|Any CPU
		{aa10b4d3-26cc-d60b-180d-87a769f01c2c}.Debug|Any CPU.ActiveCfg = Debug|Any CPU
		{aa10b4d3-26cc-d60b-180d-87a769f01c2c}.Debug|Any CPU.Build.0 = Debug|Any CPU
		{aa10b4d3-26cc-d60b-180d-87a769f01c2c}.Release|Any CPU.ActiveCfg = Release|Any CPU
		{aa10b4d3-26cc-d60b-180d-87a769f01c2c}.Release|Any CPU.Build.0 = Release|Any CPU
		{a5c6b9ca-f012-502d-69f4-55324c912619}.Debug|Any CPU.ActiveCfg = Debug|Any CPU
		{a5c6b9ca-f012-502d-69f4-55324c912619}.Debug|Any CPU.Build.0 = Debug|Any CPU
		{a5c6b9ca-f012-502d-69f4-55324c912619}.Release|Any CPU.ActiveCfg = Release|Any CPU
		{a5c6b9ca-f012-502d-69f4-55324c912619}.Release|Any CPU.Build.0 = Release|Any CPU
		{3ce898bd-4b4e-b16e-8cce-ecaa34dd0263}.Debug|Any CPU.ActiveCfg = Debug|Any CPU
		{3ce898bd-4b4e-b16e-8cce-ecaa34dd0263}.Debug|Any CPU.Build.0 = Debug|Any CPU
		{3ce898bd-4b4e-b16e-8cce-ecaa34dd0263}.Release|Any CPU.ActiveCfg = Release|Any CPU
		{3ce898bd-4b4e-b16e-8cce-ecaa34dd0263}.Release|Any CPU.Build.0 = Release|Any CPU
		{987c30de-b65c-b796-9b38-aed2aafa2b1d}.Debug|Any CPU.ActiveCfg = Debug|Any CPU
		{987c30de-b65c-b796-9b38-aed2aafa2b1d}.Debug|Any CPU.Build.0 = Debug|Any CPU
		{987c30de-b65c-b796-9b38-aed2aafa2b1d}.Release|Any CPU.ActiveCfg = Release|Any CPU
		{987c30de-b65c-b796-9b38-aed2aafa2b1d}.Release|Any CPU.Build.0 = Release|Any CPU
		{1629094f-7cbd-e42d-56d2-28b12879cb47}.Debug|Any CPU.ActiveCfg = Debug|Any CPU
		{1629094f-7cbd-e42d-56d2-28b12879cb47}.Debug|Any CPU.Build.0 = Debug|Any CPU
		{1629094f-7cbd-e42d-56d2-28b12879cb47}.Release|Any CPU.ActiveCfg = Release|Any CPU
		{1629094f-7cbd-e42d-56d2-28b12879cb47}.Release|Any CPU.Build.0 = Release|Any CPU
		{b6f24100-b1ff-4c0a-7130-340e8df7a3bf}.Debug|Any CPU.ActiveCfg = Debug|Any CPU
		{b6f24100-b1ff-4c0a-7130-340e8df7a3bf}.Debug|Any CPU.Build.0 = Debug|Any CPU
		{b6f24100-b1ff-4c0a-7130-340e8df7a3bf}.Release|Any CPU.ActiveCfg = Release|Any CPU
		{b6f24100-b1ff-4c0a-7130-340e8df7a3bf}.Release|Any CPU.Build.0 = Release|Any CPU
		{eb894df1-4b25-5cd1-df84-5b3c414970c9}.Debug|Any CPU.ActiveCfg = Debug|Any CPU
		{eb894df1-4b25-5cd1-df84-5b3c414970c9}.Debug|Any CPU.Build.0 = Debug|Any CPU
		{eb894df1-4b25-5cd1-df84-5b3c414970c9}.Release|Any CPU.ActiveCfg = Release|Any CPU
		{eb894df1-4b25-5cd1-df84-5b3c414970c9}.Release|Any CPU.Build.0 = Release|Any CPU
		{8564129e-84f1-8516-2388-678bb65cb8db}.Debug|Any CPU.ActiveCfg = Debug|Any CPU
		{8564129e-84f1-8516-2388-678bb65cb8db}.Debug|Any CPU.Build.0 = Debug|Any CPU
		{8564129e-84f1-8516-2388-678bb65cb8db}.Release|Any CPU.ActiveCfg = Release|Any CPU
		{8564129e-84f1-8516-2388-678bb65cb8db}.Release|Any CPU.Build.0 = Release|Any CPU
		{24567fa2-f722-aff5-91c3-0e5e92d49a62}.Debug|Any CPU.ActiveCfg = Debug|Any CPU
		{24567fa2-f722-aff5-91c3-0e5e92d49a62}.Debug|Any CPU.Build.0 = Debug|Any CPU
		{24567fa2-f722-aff5-91c3-0e5e92d49a62}.Release|Any CPU.ActiveCfg = Release|Any CPU
		{24567fa2-f722-aff5-91c3-0e5e92d49a62}.Release|Any CPU.Build.0 = Release|Any CPU
		{d05fed5a-362d-aa38-ece0-4e571833eb99}.Debug|Any CPU.ActiveCfg = Debug|Any CPU
		{d05fed5a-362d-aa38-ece0-4e571833eb99}.Debug|Any CPU.Build.0 = Debug|Any CPU
		{d05fed5a-362d-aa38-ece0-4e571833eb99}.Release|Any CPU.ActiveCfg = Release|Any CPU
		{d05fed5a-362d-aa38-ece0-4e571833eb99}.Release|Any CPU.Build.0 = Release|Any CPU
		{895486d1-1862-5f79-6766-22c44a0af6d8}.Debug|Any CPU.ActiveCfg = Debug|Any CPU
		{895486d1-1862-5f79-6766-22c44a0af6d8}.Debug|Any CPU.Build.0 = Debug|Any CPU
		{895486d1-1862-5f79-6766-22c44a0af6d8}.Release|Any CPU.ActiveCfg = Release|Any CPU
		{895486d1-1862-5f79-6766-22c44a0af6d8}.Release|Any CPU.Build.0 = Release|Any CPU
		{2e1cae25-858d-be0f-f532-4a5e243c1899}.Debug|Any CPU.ActiveCfg = Debug|Any CPU
		{2e1cae25-858d-be0f-f532-4a5e243c1899}.Debug|Any CPU.Build.0 = Debug|Any CPU
		{2e1cae25-858d-be0f-f532-4a5e243c1899}.Release|Any CPU.ActiveCfg = Release|Any CPU
		{2e1cae25-858d-be0f-f532-4a5e243c1899}.Release|Any CPU.Build.0 = Release|Any CPU
		{86b90e20-1e84-27a5-18e0-3f50cd393ed7}.Debug|Any CPU.ActiveCfg = Debug|Any CPU
		{86b90e20-1e84-27a5-18e0-3f50cd393ed7}.Debug|Any CPU.Build.0 = Debug|Any CPU
		{86b90e20-1e84-27a5-18e0-3f50cd393ed7}.Release|Any CPU.ActiveCfg = Release|Any CPU
		{86b90e20-1e84-27a5-18e0-3f50cd393ed7}.Release|Any CPU.Build.0 = Release|Any CPU
		{3cfa4471-90e8-2bb9-fd2f-a947509c5a38}.Debug|Any CPU.ActiveCfg = Debug|Any CPU
		{3cfa4471-90e8-2bb9-fd2f-a947509c5a38}.Debug|Any CPU.Build.0 = Debug|Any CPU
		{3cfa4471-90e8-2bb9-fd2f-a947509c5a38}.Release|Any CPU.ActiveCfg = Release|Any CPU
		{3cfa4471-90e8-2bb9-fd2f-a947509c5a38}.Release|Any CPU.Build.0 = Release|Any CPU
		{525e7035-c58e-c7a6-56d2-263a35496cf5}.Debug|Any CPU.ActiveCfg = Debug|Any CPU
		{525e7035-c58e-c7a6-56d2-263a35496cf5}.Debug|Any CPU.Build.0 = Debug|Any CPU
		{525e7035-c58e-c7a6-56d2-263a35496cf5}.Release|Any CPU.ActiveCfg = Release|Any CPU
		{525e7035-c58e-c7a6-56d2-263a35496cf5}.Release|Any CPU.Build.0 = Release|Any CPU
		{9b6b2e44-651f-925d-ae80-34ad9ef375a1}.Debug|Any CPU.ActiveCfg = Debug|Any CPU
		{9b6b2e44-651f-925d-ae80-34ad9ef375a1}.Debug|Any CPU.Build.0 = Debug|Any CPU
		{9b6b2e44-651f-925d-ae80-34ad9ef375a1}.Release|Any CPU.ActiveCfg = Release|Any CPU
		{9b6b2e44-651f-925d-ae80-34ad9ef375a1}.Release|Any CPU.Build.0 = Release|Any CPU
		{f3038b10-561a-f2b4-cb3b-21e7e363373a}.Debug|Any CPU.ActiveCfg = Debug|Any CPU
		{f3038b10-561a-f2b4-cb3b-21e7e363373a}.Debug|Any CPU.Build.0 = Debug|Any CPU
		{f3038b10-561a-f2b4-cb3b-21e7e363373a}.Release|Any CPU.ActiveCfg = Release|Any CPU
		{f3038b10-561a-f2b4-cb3b-21e7e363373a}.Release|Any CPU.Build.0 = Release|Any CPU
		{8b31f846-6bda-7be4-2c0c-f507b1d8b846}.Debug|Any CPU.ActiveCfg = Debug|Any CPU
		{8b31f846-6bda-7be4-2c0c-f507b1d8b846}.Debug|Any CPU.Build.0 = Debug|Any CPU
		{8b31f846-6bda-7be4-2c0c-f507b1d8b846}.Release|Any CPU.ActiveCfg = Release|Any CPU
		{8b31f846-6bda-7be4-2c0c-f507b1d8b846}.Release|Any CPU.Build.0 = Release|Any CPU
		{ffa56756-52cc-a44d-9fc0-d2384c783061}.Debug|Any CPU.ActiveCfg = Debug|Any CPU
		{ffa56756-52cc-a44d-9fc0-d2384c783061}.Debug|Any CPU.Build.0 = Debug|Any CPU
		{ffa56756-52cc-a44d-9fc0-d2384c783061}.Release|Any CPU.ActiveCfg = Release|Any CPU
		{ffa56756-52cc-a44d-9fc0-d2384c783061}.Release|Any CPU.Build.0 = Release|Any CPU
		{aed1b9a5-74d8-4133-eecd-103078228167}.Debug|Any CPU.ActiveCfg = Debug|Any CPU
		{aed1b9a5-74d8-4133-eecd-103078228167}.Debug|Any CPU.Build.0 = Debug|Any CPU
		{aed1b9a5-74d8-4133-eecd-103078228167}.Release|Any CPU.ActiveCfg = Release|Any CPU
		{aed1b9a5-74d8-4133-eecd-103078228167}.Release|Any CPU.Build.0 = Release|Any CPU
		{1f3db9c6-fd43-f075-0bd3-08b45d774f3d}.Debug|Any CPU.ActiveCfg = Debug|Any CPU
		{1f3db9c6-fd43-f075-0bd3-08b45d774f3d}.Debug|Any CPU.Build.0 = Debug|Any CPU
		{1f3db9c6-fd43-f075-0bd3-08b45d774f3d}.Release|Any CPU.ActiveCfg = Release|Any CPU
		{1f3db9c6-fd43-f075-0bd3-08b45d774f3d}.Release|Any CPU.Build.0 = Release|Any CPU
		{f221cbfc-f4a4-5eda-233f-4697a9124cf1}.Debug|Any CPU.ActiveCfg = Debug|Any CPU
		{f221cbfc-f4a4-5eda-233f-4697a9124cf1}.Debug|Any CPU.Build.0 = Debug|Any CPU
		{f221cbfc-f4a4-5eda-233f-4697a9124cf1}.Release|Any CPU.ActiveCfg = Release|Any CPU
		{f221cbfc-f4a4-5eda-233f-4697a9124cf1}.Release|Any CPU.Build.0 = Release|Any CPU
		{b636d49d-0838-b818-84cf-755d14931338}.Debug|Any CPU.ActiveCfg = Debug|Any CPU
		{b636d49d-0838-b818-84cf-755d14931338}.Debug|Any CPU.Build.0 = Debug|Any CPU
		{b636d49d-0838-b818-84cf-755d14931338}.Release|Any CPU.ActiveCfg = Release|Any CPU
		{b636d49d-0838-b818-84cf-755d14931338}.Release|Any CPU.Build.0 = Release|Any CPU
		{bf5eb2f6-e5f9-91b1-6460-9bfcb263ffc5}.Debug|Any CPU.ActiveCfg = Debug|Any CPU
		{bf5eb2f6-e5f9-91b1-6460-9bfcb263ffc5}.Debug|Any CPU.Build.0 = Debug|Any CPU
		{bf5eb2f6-e5f9-91b1-6460-9bfcb263ffc5}.Release|Any CPU.ActiveCfg = Release|Any CPU
		{bf5eb2f6-e5f9-91b1-6460-9bfcb263ffc5}.Release|Any CPU.Build.0 = Release|Any CPU
		{f18d2470-528b-d37e-ad90-801905ef0d8e}.Debug|Any CPU.ActiveCfg = Debug|Any CPU
		{f18d2470-528b-d37e-ad90-801905ef0d8e}.Debug|Any CPU.Build.0 = Debug|Any CPU
		{f18d2470-528b-d37e-ad90-801905ef0d8e}.Release|Any CPU.ActiveCfg = Release|Any CPU
		{f18d2470-528b-d37e-ad90-801905ef0d8e}.Release|Any CPU.Build.0 = Release|Any CPU
		{408a82ae-68c5-ee0b-2d24-0f296f2da200}.Debug|Any CPU.ActiveCfg = Debug|Any CPU
		{408a82ae-68c5-ee0b-2d24-0f296f2da200}.Debug|Any CPU.Build.0 = Debug|Any CPU
		{408a82ae-68c5-ee0b-2d24-0f296f2da200}.Release|Any CPU.ActiveCfg = Release|Any CPU
		{408a82ae-68c5-ee0b-2d24-0f296f2da200}.Release|Any CPU.Build.0 = Release|Any CPU
		{3c16267b-2d61-b3eb-8c12-b80dfbf04a6d}.Debug|Any CPU.ActiveCfg = Debug|Any CPU
		{3c16267b-2d61-b3eb-8c12-b80dfbf04a6d}.Debug|Any CPU.Build.0 = Debug|Any CPU
		{3c16267b-2d61-b3eb-8c12-b80dfbf04a6d}.Release|Any CPU.ActiveCfg = Release|Any CPU
		{3c16267b-2d61-b3eb-8c12-b80dfbf04a6d}.Release|Any CPU.Build.0 = Release|Any CPU
		{63ebb708-04d8-4b33-0fcd-c5422a77a379}.Debug|Any CPU.ActiveCfg = Debug|Any CPU
		{63ebb708-04d8-4b33-0fcd-c5422a77a379}.Debug|Any CPU.Build.0 = Debug|Any CPU
		{63ebb708-04d8-4b33-0fcd-c5422a77a379}.Release|Any CPU.ActiveCfg = Release|Any CPU
		{63ebb708-04d8-4b33-0fcd-c5422a77a379}.Release|Any CPU.Build.0 = Release|Any CPU
		{e625238e-b866-3bb6-6d25-b0ca70ee71f4}.Debug|Any CPU.ActiveCfg = Debug|Any CPU
		{e625238e-b866-3bb6-6d25-b0ca70ee71f4}.Debug|Any CPU.Build.0 = Debug|Any CPU
		{e625238e-b866-3bb6-6d25-b0ca70ee71f4}.Release|Any CPU.ActiveCfg = Release|Any CPU
		{e625238e-b866-3bb6-6d25-b0ca70ee71f4}.Release|Any CPU.Build.0 = Release|Any CPU
		{14f20292-96d2-bfd7-b9a4-2150b870e9f5}.Debug|Any CPU.ActiveCfg = Debug|Any CPU
		{14f20292-96d2-bfd7-b9a4-2150b870e9f5}.Debug|Any CPU.Build.0 = Debug|Any CPU
		{14f20292-96d2-bfd7-b9a4-2150b870e9f5}.Release|Any CPU.ActiveCfg = Release|Any CPU
		{14f20292-96d2-bfd7-b9a4-2150b870e9f5}.Release|Any CPU.Build.0 = Release|Any CPU
		{2cf7d041-5cf4-3589-88a4-96bc6c690f38}.Debug|Any CPU.ActiveCfg = Debug|Any CPU
		{2cf7d041-5cf4-3589-88a4-96bc6c690f38}.Debug|Any CPU.Build.0 = Debug|Any CPU
		{2cf7d041-5cf4-3589-88a4-96bc6c690f38}.Release|Any CPU.ActiveCfg = Release|Any CPU
		{2cf7d041-5cf4-3589-88a4-96bc6c690f38}.Release|Any CPU.Build.0 = Release|Any CPU
	EndGlobalSection
	GlobalSection(SolutionProperties) = preSolution
		HideSolutionNode = FALSE
	EndGlobalSection
EndGlobal
